// !$*UTF8*$!
{
	archiveVersion = 1;
	classes = {
	};
	objectVersion = 55;
	objects = {

/* Begin PBXBuildFile section */
		F2645F0B2734972C00A237F7 /* AppDelegate.swift in Sources */ = {isa = PBXBuildFile; fileRef = F2645F0A2734972C00A237F7 /* AppDelegate.swift */; };
		F2645F0D2734972C00A237F7 /* SceneDelegate.swift in Sources */ = {isa = PBXBuildFile; fileRef = F2645F0C2734972C00A237F7 /* SceneDelegate.swift */; };
		F2645F0F2734972C00A237F7 /* CanvasController.swift in Sources */ = {isa = PBXBuildFile; fileRef = F2645F0E2734972C00A237F7 /* CanvasController.swift */; };
		F2645F122734972C00A237F7 /* Main.storyboard in Resources */ = {isa = PBXBuildFile; fileRef = F2645F102734972C00A237F7 /* Main.storyboard */; };
		F2645F142734972D00A237F7 /* Assets.xcassets in Resources */ = {isa = PBXBuildFile; fileRef = F2645F132734972D00A237F7 /* Assets.xcassets */; };
		F2645F172734972D00A237F7 /* LaunchScreen.storyboard in Resources */ = {isa = PBXBuildFile; fileRef = F2645F152734972D00A237F7 /* LaunchScreen.storyboard */; };
		F2645F222734978E00A237F7 /* ColorController.swift in Sources */ = {isa = PBXBuildFile; fileRef = F2645F1F2734978E00A237F7 /* ColorController.swift */; };
		F2645F232734978E00A237F7 /* ColorCollectionCell.swift in Sources */ = {isa = PBXBuildFile; fileRef = F2645F202734978E00A237F7 /* ColorCollectionCell.swift */; };
		F2645F242734978E00A237F7 /* ColorCollectionCell.xib in Resources */ = {isa = PBXBuildFile; fileRef = F2645F212734978E00A237F7 /* ColorCollectionCell.xib */; };
		F2645F29273497DE00A237F7 /* Extensions.swift in Sources */ = {isa = PBXBuildFile; fileRef = F2645F27273497DE00A237F7 /* Extensions.swift */; };
		F2645F2D2734981600A237F7 /* CanvasView.swift in Sources */ = {isa = PBXBuildFile; fileRef = F2645F2C2734981600A237F7 /* CanvasView.swift */; };
		F2645F2F27349E4500A237F7 /* Colors.plist in Resources */ = {isa = PBXBuildFile; fileRef = F2645F2E27349E4500A237F7 /* Colors.plist */; };
		F2DCA117273882B600E3C73A /* Line.swift in Sources */ = {isa = PBXBuildFile; fileRef = F2DCA116273882B600E3C73A /* Line.swift */; };
		F2DCA11C2738878500E3C73A /* LineController.swift in Sources */ = {isa = PBXBuildFile; fileRef = F2DCA11B2738878500E3C73A /* LineController.swift */; };
		F2DCA11F27388EFB00E3C73A /* TabController.swift in Sources */ = {isa = PBXBuildFile; fileRef = F2DCA11E27388EFB00E3C73A /* TabController.swift */; };
/* End PBXBuildFile section */

/* Begin PBXFileReference section */
		F2645F072734972C00A237F7 /* DrawApp.app */ = {isa = PBXFileReference; explicitFileType = wrapper.application; includeInIndex = 0; path = DrawApp.app; sourceTree = BUILT_PRODUCTS_DIR; };
		F2645F0A2734972C00A237F7 /* AppDelegate.swift */ = {isa = PBXFileReference; lastKnownFileType = sourcecode.swift; path = AppDelegate.swift; sourceTree = "<group>"; };
		F2645F0C2734972C00A237F7 /* SceneDelegate.swift */ = {isa = PBXFileReference; lastKnownFileType = sourcecode.swift; path = SceneDelegate.swift; sourceTree = "<group>"; };
		F2645F0E2734972C00A237F7 /* CanvasController.swift */ = {isa = PBXFileReference; lastKnownFileType = sourcecode.swift; path = CanvasController.swift; sourceTree = "<group>"; };
		F2645F112734972C00A237F7 /* Base */ = {isa = PBXFileReference; lastKnownFileType = file.storyboard; name = Base; path = Base.lproj/Main.storyboard; sourceTree = "<group>"; };
		F2645F132734972D00A237F7 /* Assets.xcassets */ = {isa = PBXFileReference; lastKnownFileType = folder.assetcatalog; path = Assets.xcassets; sourceTree = "<group>"; };
		F2645F162734972D00A237F7 /* Base */ = {isa = PBXFileReference; lastKnownFileType = file.storyboard; name = Base; path = Base.lproj/LaunchScreen.storyboard; sourceTree = "<group>"; };
		F2645F182734972D00A237F7 /* Info.plist */ = {isa = PBXFileReference; lastKnownFileType = text.plist.xml; path = Info.plist; sourceTree = "<group>"; };
		F2645F1F2734978E00A237F7 /* ColorController.swift */ = {isa = PBXFileReference; fileEncoding = 4; lastKnownFileType = sourcecode.swift; path = ColorController.swift; sourceTree = "<group>"; };
		F2645F202734978E00A237F7 /* ColorCollectionCell.swift */ = {isa = PBXFileReference; fileEncoding = 4; lastKnownFileType = sourcecode.swift; path = ColorCollectionCell.swift; sourceTree = "<group>"; };
		F2645F212734978E00A237F7 /* ColorCollectionCell.xib */ = {isa = PBXFileReference; fileEncoding = 4; lastKnownFileType = file.xib; path = ColorCollectionCell.xib; sourceTree = "<group>"; };
		F2645F27273497DE00A237F7 /* Extensions.swift */ = {isa = PBXFileReference; fileEncoding = 4; lastKnownFileType = sourcecode.swift; path = Extensions.swift; sourceTree = "<group>"; };
		F2645F2C2734981600A237F7 /* CanvasView.swift */ = {isa = PBXFileReference; lastKnownFileType = sourcecode.swift; path = CanvasView.swift; sourceTree = "<group>"; };
		F2645F2E27349E4500A237F7 /* Colors.plist */ = {isa = PBXFileReference; fileEncoding = 4; lastKnownFileType = text.plist.xml; path = Colors.plist; sourceTree = "<group>"; };
		F2DCA116273882B600E3C73A /* Line.swift */ = {isa = PBXFileReference; lastKnownFileType = sourcecode.swift; path = Line.swift; sourceTree = "<group>"; };
		F2DCA11B2738878500E3C73A /* LineController.swift */ = {isa = PBXFileReference; lastKnownFileType = sourcecode.swift; path = LineController.swift; sourceTree = "<group>"; };
		F2DCA11E27388EFB00E3C73A /* TabController.swift */ = {isa = PBXFileReference; lastKnownFileType = sourcecode.swift; path = TabController.swift; sourceTree = "<group>"; };
/* End PBXFileReference section */

/* Begin PBXFrameworksBuildPhase section */
		F2645F042734972C00A237F7 /* Frameworks */ = {
			isa = PBXFrameworksBuildPhase;
			buildActionMask = 2147483647;
			files = (
			);
			runOnlyForDeploymentPostprocessing = 0;
		};
/* End PBXFrameworksBuildPhase section */

/* Begin PBXGroup section */
		F2645EFE2734972B00A237F7 = {
			isa = PBXGroup;
			children = (
				F2645F092734972C00A237F7 /* DrawApp */,
				F2645F082734972C00A237F7 /* Products */,
			);
			sourceTree = "<group>";
		};
		F2645F082734972C00A237F7 /* Products */ = {
			isa = PBXGroup;
			children = (
				F2645F072734972C00A237F7 /* DrawApp.app */,
			);
			name = Products;
			sourceTree = "<group>";
		};
		F2645F092734972C00A237F7 /* DrawApp */ = {
			isa = PBXGroup;
			children = (
				F2DCA115273882AA00E3C73A /* Models */,
				F2645F25273497DE00A237F7 /* Util */,
				F2645F2B273497FA00A237F7 /* Canvas */,
				F2DCA1182738873900E3C73A /* Line */,
				F2645F1E2734978E00A237F7 /* Color */,
				F2DCA11D27388EE500E3C73A /* Tab */,
				F2645F0A2734972C00A237F7 /* AppDelegate.swift */,
				F2645F0C2734972C00A237F7 /* SceneDelegate.swift */,
				F2645F102734972C00A237F7 /* Main.storyboard */,
				F2645F132734972D00A237F7 /* Assets.xcassets */,
				F2645F152734972D00A237F7 /* LaunchScreen.storyboard */,
				F2645F182734972D00A237F7 /* Info.plist */,
				F2645F2E27349E4500A237F7 /* Colors.plist */,
			);
			path = DrawApp;
			sourceTree = "<group>";
		};
		F2645F1E2734978E00A237F7 /* Color */ = {
			isa = PBXGroup;
			children = (
				F2645F1F2734978E00A237F7 /* ColorController.swift */,
				F2645F202734978E00A237F7 /* ColorCollectionCell.swift */,
				F2645F212734978E00A237F7 /* ColorCollectionCell.xib */,
			);
			path = Color;
			sourceTree = "<group>";
		};
		F2645F25273497DE00A237F7 /* Util */ = {
			isa = PBXGroup;
			children = (
				F2645F27273497DE00A237F7 /* Extensions.swift */,
			);
			path = Util;
			sourceTree = "<group>";
		};
		F2645F2B273497FA00A237F7 /* Canvas */ = {
			isa = PBXGroup;
			children = (
				F2645F0E2734972C00A237F7 /* CanvasController.swift */,
				F2645F2C2734981600A237F7 /* CanvasView.swift */,
			);
			path = Canvas;
			sourceTree = "<group>";
		};
		F2DCA115273882AA00E3C73A /* Models */ = {
			isa = PBXGroup;
			children = (
				F2DCA116273882B600E3C73A /* Line.swift */,
			);
			path = Models;
			sourceTree = "<group>";
		};
		F2DCA1182738873900E3C73A /* Line */ = {
			isa = PBXGroup;
			children = (
				F2DCA11B2738878500E3C73A /* LineController.swift */,
			);
			path = Line;
			sourceTree = "<group>";
		};
		F2DCA11D27388EE500E3C73A /* Tab */ = {
			isa = PBXGroup;
			children = (
				F2DCA11E27388EFB00E3C73A /* TabController.swift */,
			);
			path = Tab;
			sourceTree = "<group>";
		};
/* End PBXGroup section */

/* Begin PBXNativeTarget section */
		F2645F062734972C00A237F7 /* DrawApp */ = {
			isa = PBXNativeTarget;
			buildConfigurationList = F2645F1B2734972D00A237F7 /* Build configuration list for PBXNativeTarget "DrawApp" */;
			buildPhases = (
				F2645F032734972C00A237F7 /* Sources */,
				F2645F042734972C00A237F7 /* Frameworks */,
				F2645F052734972C00A237F7 /* Resources */,
			);
			buildRules = (
			);
			dependencies = (
			);
			name = DrawApp;
			productName = DrawApp;
			productReference = F2645F072734972C00A237F7 /* DrawApp.app */;
			productType = "com.apple.product-type.application";
		};
/* End PBXNativeTarget section */

/* Begin PBXProject section */
		F2645EFF2734972B00A237F7 /* Project object */ = {
			isa = PBXProject;
			attributes = {
				BuildIndependentTargetsInParallel = 1;
				LastSwiftUpdateCheck = 1300;
				LastUpgradeCheck = 1300;
				TargetAttributes = {
					F2645F062734972C00A237F7 = {
						CreatedOnToolsVersion = 13.0;
					};
				};
			};
			buildConfigurationList = F2645F022734972B00A237F7 /* Build configuration list for PBXProject "DrawApp" */;
			compatibilityVersion = "Xcode 13.0";
			developmentRegion = en;
			hasScannedForEncodings = 0;
			knownRegions = (
				en,
				Base,
			);
			mainGroup = F2645EFE2734972B00A237F7;
			productRefGroup = F2645F082734972C00A237F7 /* Products */;
			projectDirPath = "";
			projectRoot = "";
			targets = (
				F2645F062734972C00A237F7 /* DrawApp */,
			);
		};
/* End PBXProject section */

/* Begin PBXResourcesBuildPhase section */
		F2645F052734972C00A237F7 /* Resources */ = {
			isa = PBXResourcesBuildPhase;
			buildActionMask = 2147483647;
			files = (
				F2645F172734972D00A237F7 /* LaunchScreen.storyboard in Resources */,
				F2645F142734972D00A237F7 /* Assets.xcassets in Resources */,
				F2645F2F27349E4500A237F7 /* Colors.plist in Resources */,
				F2645F122734972C00A237F7 /* Main.storyboard in Resources */,
				F2645F242734978E00A237F7 /* ColorCollectionCell.xib in Resources */,
			);
			runOnlyForDeploymentPostprocessing = 0;
		};
/* End PBXResourcesBuildPhase section */

/* Begin PBXSourcesBuildPhase section */
		F2645F032734972C00A237F7 /* Sources */ = {
			isa = PBXSourcesBuildPhase;
			buildActionMask = 2147483647;
			files = (
				F2645F0F2734972C00A237F7 /* CanvasController.swift in Sources */,
				F2645F29273497DE00A237F7 /* Extensions.swift in Sources */,
				F2DCA11C2738878500E3C73A /* LineController.swift in Sources */,
				F2645F2D2734981600A237F7 /* CanvasView.swift in Sources */,
				F2645F0B2734972C00A237F7 /* AppDelegate.swift in Sources */,
				F2DCA11F27388EFB00E3C73A /* TabController.swift in Sources */,
				F2645F0D2734972C00A237F7 /* SceneDelegate.swift in Sources */,
				F2DCA117273882B600E3C73A /* Line.swift in Sources */,
				F2645F232734978E00A237F7 /* ColorCollectionCell.swift in Sources */,
				F2645F222734978E00A237F7 /* ColorController.swift in Sources */,
			);
			runOnlyForDeploymentPostprocessing = 0;
		};
/* End PBXSourcesBuildPhase section */

/* Begin PBXVariantGroup section */
		F2645F102734972C00A237F7 /* Main.storyboard */ = {
			isa = PBXVariantGroup;
			children = (
				F2645F112734972C00A237F7 /* Base */,
			);
			name = Main.storyboard;
			sourceTree = "<group>";
		};
		F2645F152734972D00A237F7 /* LaunchScreen.storyboard */ = {
			isa = PBXVariantGroup;
			children = (
				F2645F162734972D00A237F7 /* Base */,
			);
			name = LaunchScreen.storyboard;
			sourceTree = "<group>";
		};
/* End PBXVariantGroup section */

/* Begin XCBuildConfiguration section */
		F2645F192734972D00A237F7 /* Debug */ = {
			isa = XCBuildConfiguration;
			buildSettings = {
				ALWAYS_SEARCH_USER_PATHS = NO;
				CLANG_ANALYZER_NONNULL = YES;
				CLANG_ANALYZER_NUMBER_OBJECT_CONVERSION = YES_AGGRESSIVE;
				CLANG_CXX_LANGUAGE_STANDARD = "gnu++17";
				CLANG_CXX_LIBRARY = "libc++";
				CLANG_ENABLE_MODULES = YES;
				CLANG_ENABLE_OBJC_ARC = YES;
				CLANG_ENABLE_OBJC_WEAK = YES;
				CLANG_WARN_BLOCK_CAPTURE_AUTORELEASING = YES;
				CLANG_WARN_BOOL_CONVERSION = YES;
				CLANG_WARN_COMMA = YES;
				CLANG_WARN_CONSTANT_CONVERSION = YES;
				CLANG_WARN_DEPRECATED_OBJC_IMPLEMENTATIONS = YES;
				CLANG_WARN_DIRECT_OBJC_ISA_USAGE = YES_ERROR;
				CLANG_WARN_DOCUMENTATION_COMMENTS = YES;
				CLANG_WARN_EMPTY_BODY = YES;
				CLANG_WARN_ENUM_CONVERSION = YES;
				CLANG_WARN_INFINITE_RECURSION = YES;
				CLANG_WARN_INT_CONVERSION = YES;
				CLANG_WARN_NON_LITERAL_NULL_CONVERSION = YES;
				CLANG_WARN_OBJC_IMPLICIT_RETAIN_SELF = YES;
				CLANG_WARN_OBJC_LITERAL_CONVERSION = YES;
				CLANG_WARN_OBJC_ROOT_CLASS = YES_ERROR;
				CLANG_WARN_QUOTED_INCLUDE_IN_FRAMEWORK_HEADER = YES;
				CLANG_WARN_RANGE_LOOP_ANALYSIS = YES;
				CLANG_WARN_STRICT_PROTOTYPES = YES;
				CLANG_WARN_SUSPICIOUS_MOVE = YES;
				CLANG_WARN_UNGUARDED_AVAILABILITY = YES_AGGRESSIVE;
				CLANG_WARN_UNREACHABLE_CODE = YES;
				CLANG_WARN__DUPLICATE_METHOD_MATCH = YES;
				COPY_PHASE_STRIP = NO;
				DEBUG_INFORMATION_FORMAT = dwarf;
				ENABLE_STRICT_OBJC_MSGSEND = YES;
				ENABLE_TESTABILITY = YES;
				GCC_C_LANGUAGE_STANDARD = gnu11;
				GCC_DYNAMIC_NO_PIC = NO;
				GCC_NO_COMMON_BLOCKS = YES;
				GCC_OPTIMIZATION_LEVEL = 0;
				GCC_PREPROCESSOR_DEFINITIONS = (
					"DEBUG=1",
					"$(inherited)",
				);
				GCC_WARN_64_TO_32_BIT_CONVERSION = YES;
				GCC_WARN_ABOUT_RETURN_TYPE = YES_ERROR;
				GCC_WARN_UNDECLARED_SELECTOR = YES;
				GCC_WARN_UNINITIALIZED_AUTOS = YES_AGGRESSIVE;
				GCC_WARN_UNUSED_FUNCTION = YES;
				GCC_WARN_UNUSED_VARIABLE = YES;
				IPHONEOS_DEPLOYMENT_TARGET = 15.0;
				MTL_ENABLE_DEBUG_INFO = INCLUDE_SOURCE;
				MTL_FAST_MATH = YES;
				ONLY_ACTIVE_ARCH = YES;
				SDKROOT = iphoneos;
				SWIFT_ACTIVE_COMPILATION_CONDITIONS = DEBUG;
				SWIFT_OPTIMIZATION_LEVEL = "-Onone";
			};
			name = Debug;
		};
		F2645F1A2734972D00A237F7 /* Release */ = {
			isa = XCBuildConfiguration;
			buildSettings = {
				ALWAYS_SEARCH_USER_PATHS = NO;
				CLANG_ANALYZER_NONNULL = YES;
				CLANG_ANALYZER_NUMBER_OBJECT_CONVERSION = YES_AGGRESSIVE;
				CLANG_CXX_LANGUAGE_STANDARD = "gnu++17";
				CLANG_CXX_LIBRARY = "libc++";
				CLANG_ENABLE_MODULES = YES;
				CLANG_ENABLE_OBJC_ARC = YES;
				CLANG_ENABLE_OBJC_WEAK = YES;
				CLANG_WARN_BLOCK_CAPTURE_AUTORELEASING = YES;
				CLANG_WARN_BOOL_CONVERSION = YES;
				CLANG_WARN_COMMA = YES;
				CLANG_WARN_CONSTANT_CONVERSION = YES;
				CLANG_WARN_DEPRECATED_OBJC_IMPLEMENTATIONS = YES;
				CLANG_WARN_DIRECT_OBJC_ISA_USAGE = YES_ERROR;
				CLANG_WARN_DOCUMENTATION_COMMENTS = YES;
				CLANG_WARN_EMPTY_BODY = YES;
				CLANG_WARN_ENUM_CONVERSION = YES;
				CLANG_WARN_INFINITE_RECURSION = YES;
				CLANG_WARN_INT_CONVERSION = YES;
				CLANG_WARN_NON_LITERAL_NULL_CONVERSION = YES;
				CLANG_WARN_OBJC_IMPLICIT_RETAIN_SELF = YES;
				CLANG_WARN_OBJC_LITERAL_CONVERSION = YES;
				CLANG_WARN_OBJC_ROOT_CLASS = YES_ERROR;
				CLANG_WARN_QUOTED_INCLUDE_IN_FRAMEWORK_HEADER = YES;
				CLANG_WARN_RANGE_LOOP_ANALYSIS = YES;
				CLANG_WARN_STRICT_PROTOTYPES = YES;
				CLANG_WARN_SUSPICIOUS_MOVE = YES;
				CLANG_WARN_UNGUARDED_AVAILABILITY = YES_AGGRESSIVE;
				CLANG_WARN_UNREACHABLE_CODE = YES;
				CLANG_WARN__DUPLICATE_METHOD_MATCH = YES;
				COPY_PHASE_STRIP = NO;
				DEBUG_INFORMATION_FORMAT = "dwarf-with-dsym";
				ENABLE_NS_ASSERTIONS = NO;
				ENABLE_STRICT_OBJC_MSGSEND = YES;
				GCC_C_LANGUAGE_STANDARD = gnu11;
				GCC_NO_COMMON_BLOCKS = YES;
				GCC_WARN_64_TO_32_BIT_CONVERSION = YES;
				GCC_WARN_ABOUT_RETURN_TYPE = YES_ERROR;
				GCC_WARN_UNDECLARED_SELECTOR = YES;
				GCC_WARN_UNINITIALIZED_AUTOS = YES_AGGRESSIVE;
				GCC_WARN_UNUSED_FUNCTION = YES;
				GCC_WARN_UNUSED_VARIABLE = YES;
				IPHONEOS_DEPLOYMENT_TARGET = 15.0;
				MTL_ENABLE_DEBUG_INFO = NO;
				MTL_FAST_MATH = YES;
				SDKROOT = iphoneos;
				SWIFT_COMPILATION_MODE = wholemodule;
				SWIFT_OPTIMIZATION_LEVEL = "-O";
				VALIDATE_PRODUCT = YES;
			};
			name = Release;
		};
		F2645F1C2734972D00A237F7 /* Debug */ = {
			isa = XCBuildConfiguration;
			buildSettings = {
				ASSETCATALOG_COMPILER_APPICON_NAME = AppIcon;
				ASSETCATALOG_COMPILER_GLOBAL_ACCENT_COLOR_NAME = AccentColor;
				CODE_SIGN_STYLE = Automatic;
				CURRENT_PROJECT_VERSION = 1;
				DEVELOPMENT_TEAM = LZB8X3995T;
				GENERATE_INFOPLIST_FILE = YES;
				INFOPLIST_FILE = DrawApp/Info.plist;
				INFOPLIST_KEY_UIApplicationSupportsIndirectInputEvents = YES;
				INFOPLIST_KEY_UILaunchStoryboardName = LaunchScreen;
				INFOPLIST_KEY_UIMainStoryboardFile = Main;
				INFOPLIST_KEY_UISupportedInterfaceOrientations_iPad = "UIInterfaceOrientationPortrait UIInterfaceOrientationPortraitUpsideDown UIInterfaceOrientationLandscapeLeft UIInterfaceOrientationLandscapeRight";
				INFOPLIST_KEY_UISupportedInterfaceOrientations_iPhone = "UIInterfaceOrientationPortrait UIInterfaceOrientationLandscapeLeft UIInterfaceOrientationLandscapeRight";
				LD_RUNPATH_SEARCH_PATHS = (
					"$(inherited)",
					"@executable_path/Frameworks",
				);
				MARKETING_VERSION = 1.0;
				PRODUCT_BUNDLE_IDENTIFIER = com.kimnordin.DrawApp;
				PRODUCT_NAME = "$(TARGET_NAME)";
				SWIFT_EMIT_LOC_STRINGS = YES;
				SWIFT_VERSION = 5.0;
				TARGETED_DEVICE_FAMILY = "1,2";
			};
			name = Debug;
		};
		F2645F1D2734972D00A237F7 /* Release */ = {
			isa = XCBuildConfiguration;
			buildSettings = {
				ASSETCATALOG_COMPILER_APPICON_NAME = AppIcon;
				ASSETCATALOG_COMPILER_GLOBAL_ACCENT_COLOR_NAME = AccentColor;
				CODE_SIGN_STYLE = Automatic;
				CURRENT_PROJECT_VERSION = 1;
				DEVELOPMENT_TEAM = LZB8X3995T;
				GENERATE_INFOPLIST_FILE = YES;
				INFOPLIST_FILE = DrawApp/Info.plist;
				INFOPLIST_KEY_UIApplicationSupportsIndirectInputEvents = YES;
				INFOPLIST_KEY_UILaunchStoryboardName = LaunchScreen;
				INFOPLIST_KEY_UIMainStoryboardFile = Main;
				INFOPLIST_KEY_UISupportedInterfaceOrientations_iPad = "UIInterfaceOrientationPortrait UIInterfaceOrientationPortraitUpsideDown UIInterfaceOrientationLandscapeLeft UIInterfaceOrientationLandscapeRight";
				INFOPLIST_KEY_UISupportedInterfaceOrientations_iPhone = "UIInterfaceOrientationPortrait UIInterfaceOrientationLandscapeLeft UIInterfaceOrientationLandscapeRight";
				LD_RUNPATH_SEARCH_PATHS = (
					"$(inherited)",
					"@executable_path/Frameworks",
				);
				MARKETING_VERSION = 1.0;
				PRODUCT_BUNDLE_IDENTIFIER = com.kimnordin.DrawApp;
				PRODUCT_NAME = "$(TARGET_NAME)";
				SWIFT_EMIT_LOC_STRINGS = YES;
				SWIFT_VERSION = 5.0;
				TARGETED_DEVICE_FAMILY = "1,2";
			};
			name = Release;
		};
/* End XCBuildConfiguration section */

/* Begin XCConfigurationList section */
		F2645F022734972B00A237F7 /* Build configuration list for PBXProject "DrawApp" */ = {
			isa = XCConfigurationList;
			buildConfigurations = (
				F2645F192734972D00A237F7 /* Debug */,
				F2645F1A2734972D00A237F7 /* Release */,
			);
			defaultConfigurationIsVisible = 0;
			defaultConfigurationName = Release;
		};
		F2645F1B2734972D00A237F7 /* Build configuration list for PBXNativeTarget "DrawApp" */ = {
			isa = XCConfigurationList;
			buildConfigurations = (
				F2645F1C2734972D00A237F7 /* Debug */,
				F2645F1D2734972D00A237F7 /* Release */,
			);
			defaultConfigurationIsVisible = 0;
			defaultConfigurationName = Release;
		};
/* End XCConfigurationList section */
	};
	rootObject = F2645EFF2734972B00A237F7 /* Project object */;
}
